
Microsoft Visual Studio Solution File, Format Version 12.00
# Visual Studio 15
VisualStudioVersion = 15.0.27130.2027
MinimumVisualStudioVersion = 10.0.40219.1
Project("{9A19103F-16F7-4668-BE54-9A1E7A4F7556}") = "IdEpi.IdentityServer", "IdEpi.IdentityServer\IdEpi.IdentityServer.csproj", "{DB54EA90-4678-43CA-8D58-149672A266C6}"
EndProject
Project("{9A19103F-16F7-4668-BE54-9A1E7A4F7556}") = "IdEpi.ConsoleApp", "IdEpi.ConsoleApp\IdEpi.ConsoleApp.csproj", "{5236988E-685A-43A5-9B5C-8FC58CCBDB60}"
EndProject
Project("{9A19103F-16F7-4668-BE54-9A1E7A4F7556}") = "IdEpi.Api", "IdEpi.Api\IdEpi.Api.csproj", "{43937797-FB6B-4406-AC1B-4EF40430D399}"
EndProject
Project("{9A19103F-16F7-4668-BE54-9A1E7A4F7556}") = "IdEpi.WebClient", "IdEpi.WebClient\IdEpi.WebClient.csproj", "{08888D3E-7AD0-43E2-9DB3-8CA26BAA55E5}"
EndProject
Project("{FAE04EC0-301F-11D3-BF4B-00C04F79EFBC}") = "IdEpi.WebEpiserver", "IdEpi.WebEpiserver\IdEpi.WebEpiserver.csproj", "{05595138-39C1-4847-B55B-1F032CB8A08B}"
EndProject
Global
	GlobalSection(SolutionConfigurationPlatforms) = preSolution
		Debug|Any CPU = Debug|Any CPU
		Release|Any CPU = Release|Any CPU
	EndGlobalSection
	GlobalSection(ProjectConfigurationPlatforms) = postSolution
		{DB54EA90-4678-43CA-8D58-149672A266C6}.Debug|Any CPU.ActiveCfg = Debug|Any CPU
		{DB54EA90-4678-43CA-8D58-149672A266C6}.Debug|Any CPU.Build.0 = Debug|Any CPU
		{DB54EA90-4678-43CA-8D58-149672A266C6}.Release|Any CPU.ActiveCfg = Release|Any CPU
		{DB54EA90-4678-43CA-8D58-149672A266C6}.Release|Any CPU.Build.0 = Release|Any CPU
		{5236988E-685A-43A5-9B5C-8FC58CCBDB60}.Debug|Any CPU.ActiveCfg = Debug|Any CPU
		{5236988E-685A-43A5-9B5C-8FC58CCBDB60}.Debug|Any CPU.Build.0 = Debug|Any CPU
		{5236988E-685A-43A5-9B5C-8FC58CCBDB60}.Release|Any CPU.ActiveCfg = Release|Any CPU
		{5236988E-685A-43A5-9B5C-8FC58CCBDB60}.Release|Any CPU.Build.0 = Release|Any CPU
		{43937797-FB6B-4406-AC1B-4EF40430D399}.Debug|Any CPU.ActiveCfg = Debug|Any CPU
		{43937797-FB6B-4406-AC1B-4EF40430D399}.Debug|Any CPU.Build.0 = Debug|Any CPU
		{43937797-FB6B-4406-AC1B-4EF40430D399}.Release|Any CPU.ActiveCfg = Release|Any CPU
		{43937797-FB6B-4406-AC1B-4EF40430D399}.Release|Any CPU.Build.0 = Release|Any CPU
		{08888D3E-7AD0-43E2-9DB3-8CA26BAA55E5}.Debug|Any CPU.ActiveCfg = Debug|Any CPU
		{08888D3E-7AD0-43E2-9DB3-8CA26BAA55E5}.Debug|Any CPU.Build.0 = Debug|Any CPU
		{08888D3E-7AD0-43E2-9DB3-8CA26BAA55E5}.Release|Any CPU.ActiveCfg = Release|Any CPU
		{08888D3E-7AD0-43E2-9DB3-8CA26BAA55E5}.Release|Any CPU.Build.0 = Release|Any CPU
		{05595138-39C1-4847-B55B-1F032CB8A08B}.Debug|Any CPU.ActiveCfg = Debug|Any CPU
		{05595138-39C1-4847-B55B-1F032CB8A08B}.Debug|Any CPU.Build.0 = Debug|Any CPU
		{05595138-39C1-4847-B55B-1F032CB8A08B}.Release|Any CPU.ActiveCfg = Release|Any CPU
		{05595138-39C1-4847-B55B-1F032CB8A08B}.Release|Any CPU.Build.0 = Release|Any CPU
	EndGlobalSection
	GlobalSection(SolutionProperties) = preSolution
		HideSolutionNode = FALSE
	EndGlobalSection
	GlobalSection(ExtensibilityGlobals) = postSolution
		SolutionGuid = {989F07F3-7395-482D-971C-E27846EB6589}
	EndGlobalSection
EndGlobal
